
Microsoft Visual Studio Solution File, Format Version 12.00
# Visual Studio Version 17
VisualStudioVersion = 17.7.34018.315
MinimumVisualStudioVersion = 10.0.40219.1
Project("{FAE04EC0-301F-11D3-BF4B-00C04F79EFBC}") = "Clock", "Clock\Clock.csproj", "{0B009579-A114-4460-802E-DCE0A9B83C3F}"
EndProject
Global
	GlobalSection(SolutionConfigurationPlatforms) = preSolution
		Debug|Any CPU = Debug|Any CPU
		Release|Any CPU = Release|Any CPU
	EndGlobalSection
	GlobalSection(ProjectConfigurationPlatforms) = postSolution
		{0B009579-A114-4460-802E-DCE0A9B83C3F}.Debug|Any CPU.ActiveCfg = Debug|Any CPU
		{0B009579-A114-4460-802E-DCE0A9B83C3F}.Debug|Any CPU.Build.0 = Debug|Any CPU
		{0B009579-A114-4460-802E-DCE0A9B83C3F}.Release|Any CPU.ActiveCfg = Release|Any CPU
		{0B009579-A114-4460-802E-DCE0A9B83C3F}.Release|Any CPU.Build.0 = Release|Any CPU
	EndGlobalSection
	GlobalSection(SolutionProperties) = preSolution
		HideSolutionNode = FALSE
	EndGlobalSection
	GlobalSection(ExtensibilityGlobals) = postSolution
		SolutionGuid = {91B696D9-3F76-4F85-B151-845E5C481517}
	EndGlobalSection
EndGlobal
